lockfileVersion: '9.0'

settings:
  autoInstallPeers: true
  excludeLinksFromLockfile: false

importers:

  .:
    devDependencies:
      lefthook:
        specifier: ^2.1.1
        version: 2.1.1

packages:

  lefthook-darwin-arm64@2.1.1:
    resolution: {integrity: sha512-O/RS1j03/Fnq5zCzEb2r7UOBsqPeBuf1C5pMkIJcO4TSE6hf3rhLUkcorKc2M5ni/n5zLGtzQUXHV08/fSAT3Q==}
    cpu: [arm64]
    os: [darwin]

  lefthook-darwin-x64@2.1.1:
    resolution: {integrity: sha512-mm/kdKl81ROPoYnj9XYk5JDqj+/6Al8w/SSPDfhItkLJyl4pqS+hWUOP6gDGrnuRk8S0DvJ2+hzhnDsQnZohWQ==}
    cpu: [x64]
    os: [darwin]

  lefthook-freebsd-arm64@2.1.1:
    resolution: {integrity: sha512-F7JXlKmjxGqGbCWPLND0bVB4DMQezIe48pEwTlUQZbxh450c2gP5Q8FdttMZKOT163kBGGTqJAJSEC6zW+QSxA==}
    cpu: [arm64]
    os: [freebsd]

  lefthook-freebsd-x64@2.1.1:
    resolution: {integrity: sha512-Po8/lJMqNzKSZPuEI46dLuWoBoXtAxCuRpeOh6DAV/M4RhBynaCu8rLMZ9BqF7cVbZEWoplOmYo6HdOuiYpCkQ==}
    cpu: [x64]
    os: [freebsd]

  lefthook-linux-arm64@2.1.1:
    resolution: {integrity: sha512-mI2ljFgPEqHxI8vrN9nKgnVu63Rz1KisDbPwlvs7BTYNwq3sncdK5ukpGR4zzWdh6saNJ5tCtHEtep5GQI11nw==}
    cpu: [arm64]
    os: [linux]

  lefthook-linux-x64@2.1.1:
    resolution: {integrity: sha512-m3G/FaxC+crxeg9XeaUuHfEoL+i9gbkg2Hp2KD2IcVVIxprqlyqf0Hb8zbLV2NMXuo5RSGokJu44oAoTO3Ou2g==}
    cpu: [x64]
    os: [linux]

  lefthook-openbsd-arm64@2.1.1:
    resolution: {integrity: sha512-gz/8FJPvhjOdOFt1GmFvuvDOe+W+BBRjoeAT1/mTgkN7HCXMXgqNjjvakQKQeGz1I1v08wXG1ZNf5y+T9XBCDQ==}
    cpu: [arm64]
    os: [openbsd]

  lefthook-openbsd-x64@2.1.1:
    resolution: {integrity: sha512-ch3lyMUtbmtWUufaQVn4IoEs/2hjK51XqaCdY1mh5ca//VctR1peknIwQ5feHu+vATCDviWQ7HsdNDewm3HMPg==}
    cpu: [x64]
    os: [openbsd]

  lefthook-windows-arm64@2.1.1:
    resolution: {integrity: sha512-mm3PZhKDs9FE/jQDimkfWxtoj9xQ2k8uw2MdhtC825bhvIh+MEi0WFj/MOW+ug0RBg0I55tGYzZ5aVuozAWpTQ==}
    cpu: [arm64]
    os: [win32]

  lefthook-windows-x64@2.1.1:
    resolution: {integrity: sha512-1L2oGIzmhfOTxfwbe5mpSQ+m3ilpvGNymwIhn4UHq6hwHsUL6HEhODqx02GfBn6OXpVIr56bvdBAusjL/SVYGQ==}
    cpu: [x64]
    os: [win32]

  lefthook@2.1.1:
    resolution: {integrity: sha512-Tl9h9c+sG3ShzTHKuR3LAIblnnh+Mgxnm2Ul7yu9cu260Z27LEbO3V6Zw4YZFP59/2rlD42pt/llYsQCkkCFzw==}
    hasBin: true

snapshots:

  lefthook-darwin-arm64@2.1.1:
    optional: true

  lefthook-darwin-x64@2.1.1:
    optional: true

  lefthook-freebsd-arm64@2.1.1:
    optional: true

  lefthook-freebsd-x64@2.1.1:
    optional: true

  lefthook-linux-arm64@2.1.1:
    optional: true

  lefthook-linux-x64@2.1.1:
    optional: true

  lefthook-openbsd-arm64@2.1.1:
    optional: true

  lefthook-openbsd-x64@2.1.1:
    optional: true

  lefthook-windows-arm64@2.1.1:
    optional: true

  lefthook-windows-x64@2.1.1:
    optional: true

  lefthook@2.1.1:
    optionalDependencies:
      lefthook-darwin-arm64: 2.1.1
      lefthook-darwin-x64: 2.1.1
      lefthook-freebsd-arm64: 2.1.1
      lefthook-freebsd-x64: 2.1.1
      lefthook-linux-arm64: 2.1.1
      lefthook-linux-x64: 2.1.1
      lefthook-openbsd-arm64: 2.1.1
      lefthook-openbsd-x64: 2.1.1
      lefthook-windows-arm64: 2.1.1
      lefthook-windows-x64: 2.1.1
